
Microsoft Visual Studio Solution File, Format Version 12.00
# Visual Studio Version 16
VisualStudioVersion = 16.0.31129.286
MinimumVisualStudioVersion = 10.0.40219.1
Project("{FAE04EC0-301F-11D3-BF4B-00C04F79EFBC}") = "MovieApp", "MovieApp\MovieApp.csproj", "{FEF61DDA-FEC8-409E-B451-378B8E9C9AC4}"
EndProject
Global
	GlobalSection(SolutionConfigurationPlatforms) = preSolution
		Debug|Any CPU = Debug|Any CPU
		Release|Any CPU = Release|Any CPU
	EndGlobalSection
	GlobalSection(ProjectConfigurationPlatforms) = postSolution
		{FEF61DDA-FEC8-409E-B451-378B8E9C9AC4}.Debug|Any CPU.ActiveCfg = Debug|Any CPU
		{FEF61DDA-FEC8-409E-B451-378B8E9C9AC4}.Debug|Any CPU.Build.0 = Debug|Any CPU
		{FEF61DDA-FEC8-409E-B451-378B8E9C9AC4}.Release|Any CPU.ActiveCfg = Release|Any CPU
		{FEF61DDA-FEC8-409E-B451-378B8E9C9AC4}.Release|Any CPU.Build.0 = Release|Any CPU
	EndGlobalSection
	GlobalSection(SolutionProperties) = preSolution
		HideSolutionNode = FALSE
	EndGlobalSection
	GlobalSection(ExtensibilityGlobals) = postSolution
		SolutionGuid = {910D0EA5-AAE3-4401-8C45-6706AB0C9E00}
	EndGlobalSection
EndGlobal
